// !$*UTF8*$!
{
	archiveVersion = 1;
	classes = {
	};
	objectVersion = 48;
	objects = {

/* Begin PBXBuildFile section */
		4DD8CD5D1FD29F35000D5B05 /* app_windowTests.swift in Sources */ = {isa = PBXBuildFile; fileRef = 4DD8CD5C1FD29F35000D5B05 /* app_windowTests.swift */; };
		4DD8CD661FD29F7D000D5B05 /* Wage.swift in Sources */ = {isa = PBXBuildFile; fileRef = 4DD8CD651FD29F7D000D5B05 /* Wage.swift */; };
		4DD8CD671FD2A237000D5B05 /* Wage.swift in Sources */ = {isa = PBXBuildFile; fileRef = 4DD8CD651FD29F7D000D5B05 /* Wage.swift */; };
		4DE066FF1FB841BE00A88EB8 /* AppDelegate.swift in Sources */ = {isa = PBXBuildFile; fileRef = 4DE066FE1FB841BE00A88EB8 /* AppDelegate.swift */; };
		4DE067011FB841BE00A88EB8 /* MainSc.swift in Sources */ = {isa = PBXBuildFile; fileRef = 4DE067001FB841BE00A88EB8 /* MainSc.swift */; };
		4DE067041FB841BE00A88EB8 /* Main.storyboard in Resources */ = {isa = PBXBuildFile; fileRef = 4DE067021FB841BE00A88EB8 /* Main.storyboard */; };
		4DE067061FB841BE00A88EB8 /* Assets.xcassets in Resources */ = {isa = PBXBuildFile; fileRef = 4DE067051FB841BE00A88EB8 /* Assets.xcassets */; };
		4DE067091FB841BE00A88EB8 /* LaunchScreen.storyboard in Resources */ = {isa = PBXBuildFile; fileRef = 4DE067071FB841BE00A88EB8 /* LaunchScreen.storyboard */; };
		4DE067141FB845AD00A88EB8 /* CurrTxtField.swift in Sources */ = {isa = PBXBuildFile; fileRef = 4DE067131FB845AD00A88EB8 /* CurrTxtField.swift */; };
/* End PBXBuildFile section */

/* Begin PBXContainerItemProxy section */
		4DD8CD5F1FD29F35000D5B05 /* PBXContainerItemProxy */ = {
			isa = PBXContainerItemProxy;
			containerPortal = 4DE066F31FB841BE00A88EB8 /* Project object */;
			proxyType = 1;
			remoteGlobalIDString = 4DE066FA1FB841BE00A88EB8;
			remoteInfo = "app-window";
		};
/* End PBXContainerItemProxy section */

/* Begin PBXFileReference section */
		4DD8CD5A1FD29F35000D5B05 /* app-windowTests.xctest */ = {isa = PBXFileReference; explicitFileType = wrapper.cfbundle; includeInIndex = 0; path = "app-windowTests.xctest"; sourceTree = BUILT_PRODUCTS_DIR; };
		4DD8CD5C1FD29F35000D5B05 /* app_windowTests.swift */ = {isa = PBXFileReference; lastKnownFileType = sourcecode.swift; path = app_windowTests.swift; sourceTree = "<group>"; };
		4DD8CD5E1FD29F35000D5B05 /* Info.plist */ = {isa = PBXFileReference; lastKnownFileType = text.plist.xml; path = Info.plist; sourceTree = "<group>"; };
		4DD8CD651FD29F7D000D5B05 /* Wage.swift */ = {isa = PBXFileReference; lastKnownFileType = sourcecode.swift; path = Wage.swift; sourceTree = "<group>"; };
		4DE066FB1FB841BE00A88EB8 /* app-window.app */ = {isa = PBXFileReference; explicitFileType = wrapper.application; includeInIndex = 0; path = "app-window.app"; sourceTree = BUILT_PRODUCTS_DIR; };
		4DE066FE1FB841BE00A88EB8 /* AppDelegate.swift */ = {isa = PBXFileReference; lastKnownFileType = sourcecode.swift; path = AppDelegate.swift; sourceTree = "<group>"; };
		4DE067001FB841BE00A88EB8 /* MainSc.swift */ = {isa = PBXFileReference; lastKnownFileType = sourcecode.swift; path = MainSc.swift; sourceTree = "<group>"; };
		4DE067031FB841BE00A88EB8 /* Base */ = {isa = PBXFileReference; lastKnownFileType = file.storyboard; name = Base; path = Base.lproj/Main.storyboard; sourceTree = "<group>"; };
		4DE067051FB841BE00A88EB8 /* Assets.xcassets */ = {isa = PBXFileReference; lastKnownFileType = folder.assetcatalog; path = Assets.xcassets; sourceTree = "<group>"; };
		4DE067081FB841BE00A88EB8 /* Base */ = {isa = PBXFileReference; lastKnownFileType = file.storyboard; name = Base; path = Base.lproj/LaunchScreen.storyboard; sourceTree = "<group>"; };
		4DE0670A1FB841BE00A88EB8 /* Info.plist */ = {isa = PBXFileReference; lastKnownFileType = text.plist.xml; path = Info.plist; sourceTree = "<group>"; };
		4DE067131FB845AD00A88EB8 /* CurrTxtField.swift */ = {isa = PBXFileReference; lastKnownFileType = sourcecode.swift; path = CurrTxtField.swift; sourceTree = "<group>"; };
/* End PBXFileReference section */

/* Begin PBXFrameworksBuildPhase section */
		4DD8CD571FD29F35000D5B05 /* Frameworks */ = {
			isa = PBXFrameworksBuildPhase;
			buildActionMask = 2147483647;
			files = (
			);
			runOnlyForDeploymentPostprocessing = 0;
		};
		4DE066F81FB841BE00A88EB8 /* Frameworks */ = {
			isa = PBXFrameworksBuildPhase;
			buildActionMask = 2147483647;
			files = (
			);
			runOnlyForDeploymentPostprocessing = 0;
		};
/* End PBXFrameworksBuildPhase section */

/* Begin PBXGroup section */
		4DD8CD5B1FD29F35000D5B05 /* app-windowTests */ = {
			isa = PBXGroup;
			children = (
				4DD8CD5C1FD29F35000D5B05 /* app_windowTests.swift */,
				4DD8CD5E1FD29F35000D5B05 /* Info.plist */,
			);
			path = "app-windowTests";
			sourceTree = "<group>";
		};
		4DD8CD641FD29F6A000D5B05 /* Model */ = {
			isa = PBXGroup;
			children = (
				4DD8CD651FD29F7D000D5B05 /* Wage.swift */,
			);
			path = Model;
			sourceTree = "<group>";
		};
		4DE066F21FB841BE00A88EB8 = {
			isa = PBXGroup;
			children = (
				4DE066FD1FB841BE00A88EB8 /* app-window */,
				4DD8CD5B1FD29F35000D5B05 /* app-windowTests */,
				4DE066FC1FB841BE00A88EB8 /* Products */,
			);
			sourceTree = "<group>";
		};
		4DE066FC1FB841BE00A88EB8 /* Products */ = {
			isa = PBXGroup;
			children = (
				4DE066FB1FB841BE00A88EB8 /* app-window.app */,
				4DD8CD5A1FD29F35000D5B05 /* app-windowTests.xctest */,
			);
			name = Products;
			sourceTree = "<group>";
		};
		4DE066FD1FB841BE00A88EB8 /* app-window */ = {
			isa = PBXGroup;
			children = (
				4DD8CD641FD29F6A000D5B05 /* Model */,
				4DE067121FB8453F00A88EB8 /* View */,
				4DE067101FB8431600A88EB8 /* Controller */,
				4DE066FE1FB841BE00A88EB8 /* AppDelegate.swift */,
				4DE067021FB841BE00A88EB8 /* Main.storyboard */,
				4DE067051FB841BE00A88EB8 /* Assets.xcassets */,
				4DE067071FB841BE00A88EB8 /* LaunchScreen.storyboard */,
				4DE0670A1FB841BE00A88EB8 /* Info.plist */,
			);
			path = "app-window";
			sourceTree = "<group>";
		};
		4DE067101FB8431600A88EB8 /* Controller */ = {
			isa = PBXGroup;
			children = (
				4DE067001FB841BE00A88EB8 /* MainSc.swift */,
			);
			path = Controller;
			sourceTree = "<group>";
		};
		4DE067121FB8453F00A88EB8 /* View */ = {
			isa = PBXGroup;
			children = (
				4DE067131FB845AD00A88EB8 /* CurrTxtField.swift */,
			);
			path = View;
			sourceTree = "<group>";
		};
/* End PBXGroup section */

/* Begin PBXNativeTarget section */
		4DD8CD591FD29F35000D5B05 /* app-windowTests */ = {
			isa = PBXNativeTarget;
			buildConfigurationList = 4DD8CD631FD29F35000D5B05 /* Build configuration list for PBXNativeTarget "app-windowTests" */;
			buildPhases = (
				4DD8CD561FD29F35000D5B05 /* Sources */,
				4DD8CD571FD29F35000D5B05 /* Frameworks */,
				4DD8CD581FD29F35000D5B05 /* Resources */,
			);
			buildRules = (
			);
			dependencies = (
				4DD8CD601FD29F35000D5B05 /* PBXTargetDependency */,
			);
			name = "app-windowTests";
			productName = "app-windowTests";
			productReference = 4DD8CD5A1FD29F35000D5B05 /* app-windowTests.xctest */;
			productType = "com.apple.product-type.bundle.unit-test";
		};
		4DE066FA1FB841BE00A88EB8 /* app-window */ = {
			isa = PBXNativeTarget;
			buildConfigurationList = 4DE0670D1FB841BE00A88EB8 /* Build configuration list for PBXNativeTarget "app-window" */;
			buildPhases = (
				4DE066F71FB841BE00A88EB8 /* Sources */,
				4DE066F81FB841BE00A88EB8 /* Frameworks */,
				4DE066F91FB841BE00A88EB8 /* Resources */,
			);
			buildRules = (
			);
			dependencies = (
			);
			name = "app-window";
			productName = "app-window";
			productReference = 4DE066FB1FB841BE00A88EB8 /* app-window.app */;
			productType = "com.apple.product-type.application";
		};
/* End PBXNativeTarget section */

/* Begin PBXProject section */
		4DE066F31FB841BE00A88EB8 /* Project object */ = {
			isa = PBXProject;
			attributes = {
				LastSwiftUpdateCheck = 0900;
				LastUpgradeCheck = 0900;
				ORGANIZATIONNAME = "Егор Гурьев";
				TargetAttributes = {
					4DD8CD591FD29F35000D5B05 = {
						CreatedOnToolsVersion = 9.0.1;
						ProvisioningStyle = Automatic;
						TestTargetID = 4DE066FA1FB841BE00A88EB8;
					};
					4DE066FA1FB841BE00A88EB8 = {
						CreatedOnToolsVersion = 9.0.1;
						ProvisioningStyle = Automatic;
					};
				};
			};
			buildConfigurationList = 4DE066F61FB841BE00A88EB8 /* Build configuration list for PBXProject "app-window" */;
			compatibilityVersion = "Xcode 8.0";
			developmentRegion = en;
			hasScannedForEncodings = 0;
			knownRegions = (
				en,
				Base,
			);
			mainGroup = 4DE066F21FB841BE00A88EB8;
			productRefGroup = 4DE066FC1FB841BE00A88EB8 /* Products */;
			projectDirPath = "";
			projectRoot = "";
			targets = (
				4DE066FA1FB841BE00A88EB8 /* app-window */,
				4DD8CD591FD29F35000D5B05 /* app-windowTests */,
			);
		};
/* End PBXProject section */

/* Begin PBXResourcesBuildPhase section */
		4DD8CD581FD29F35000D5B05 /* Resources */ = {
			isa = PBXResourcesBuildPhase;
			buildActionMask = 2147483647;
			files = (
			);
			runOnlyForDeploymentPostprocessing = 0;
		};
		4DE066F91FB841BE00A88EB8 /* Resources */ = {
			isa = PBXResourcesBuildPhase;
			buildActionMask = 2147483647;
			files = (
				4DE067091FB841BE00A88EB8 /* LaunchScreen.storyboard in Resources */,
				4DE067061FB841BE00A88EB8 /* Assets.xcassets in Resources */,
				4DE067041FB841BE00A88EB8 /* Main.storyboard in Resources */,
			);
			runOnlyForDeploymentPostprocessing = 0;
		};
/* End PBXResourcesBuildPhase section */

/* Begin PBXSourcesBuildPhase section */
		4DD8CD561FD29F35000D5B05 /* Sources */ = {
			isa = PBXSourcesBuildPhase;
			buildActionMask = 2147483647;
			files = (
				4DD8CD5D1FD29F35000D5B05 /* app_windowTests.swift in Sources */,
				4DD8CD671FD2A237000D5B05 /* Wage.swift in Sources */,
			);
			runOnlyForDeploymentPostprocessing = 0;
		};
		4DE066F71FB841BE00A88EB8 /* Sources */ = {
			isa = PBXSourcesBuildPhase;
			buildActionMask = 2147483647;
			files = (
				4DE067141FB845AD00A88EB8 /* CurrTxtField.swift in Sources */,
				4DD8CD661FD29F7D000D5B05 /* Wage.swift in Sources */,
				4DE067011FB841BE00A88EB8 /* MainSc.swift in Sources */,
				4DE066FF1FB841BE00A88EB8 /* AppDelegate.swift in Sources */,
			);
			runOnlyForDeploymentPostprocessing = 0;
		};
/* End PBXSourcesBuildPhase section */

/* Begin PBXTargetDependency section */
		4DD8CD601FD29F35000D5B05 /* PBXTargetDependency */ = {
			isa = PBXTargetDependency;
			target = 4DE066FA1FB841BE00A88EB8 /* app-window */;
			targetProxy = 4DD8CD5F1FD29F35000D5B05 /* PBXContainerItemProxy */;
		};
/* End PBXTargetDependency section */

/* Begin PBXVariantGroup section */
		4DE067021FB841BE00A88EB8 /* Main.storyboard */ = {
			isa = PBXVariantGroup;
			children = (
				4DE067031FB841BE00A88EB8 /* Base */,
			);
			name = Main.storyboard;
			sourceTree = "<group>";
		};
		4DE067071FB841BE00A88EB8 /* LaunchScreen.storyboard */ = {
			isa = PBXVariantGroup;
			children = (
				4DE067081FB841BE00A88EB8 /* Base */,
			);
			name = LaunchScreen.storyboard;
			sourceTree = "<group>";
		};
/* End PBXVariantGroup section */

/* Begin XCBuildConfiguration section */
		4DD8CD611FD29F35000D5B05 /* Debug */ = {
			isa = XCBuildConfiguration;
			buildSettings = {
				BUNDLE_LOADER = "$(TEST_HOST)";
				CODE_SIGN_STYLE = Automatic;
				INFOPLIST_FILE = "app-windowTests/Info.plist";
				LD_RUNPATH_SEARCH_PATHS = "$(inherited) @executable_path/Frameworks @loader_path/Frameworks";
				PRODUCT_BUNDLE_IDENTIFIER = "mycompany.app-windowTests";
				PRODUCT_NAME = "$(TARGET_NAME)";
				SWIFT_VERSION = 4.0;
				TARGETED_DEVICE_FAMILY = "1,2";
				TEST_HOST = "$(BUILT_PRODUCTS_DIR)/app-window.app/app-window";
			};
			name = Debug;
		};
		4DD8CD621FD29F35000D5B05 /* Release */ = {
			isa = XCBuildConfiguration;
			buildSettings = {
				BUNDLE_LOADER = "$(TEST_HOST)";
				CODE_SIGN_STYLE = Automatic;
				INFOPLIST_FILE = "app-windowTests/Info.plist";
				LD_RUNPATH_SEARCH_PATHS = "$(inherited) @executable_path/Frameworks @loader_path/Frameworks";
				PRODUCT_BUNDLE_IDENTIFIER = "mycompany.app-windowTests";
				PRODUCT_NAME = "$(TARGET_NAME)";
				SWIFT_VERSION = 4.0;
				TARGETED_DEVICE_FAMILY = "1,2";
				TEST_HOST = "$(BUILT_PRODUCTS_DIR)/app-window.app/app-window";
			};
			name = Release;
		};
		4DE0670B1FB841BE00A88EB8 /* Debug */ = {
			isa = XCBuildConfiguration;
			buildSettings = {
				ALWAYS_SEARCH_USER_PATHS = NO;
				CLANG_ANALYZER_NONNULL = YES;
				CLANG_ANALYZER_NUMBER_OBJECT_CONVERSION = YES_AGGRESSIVE;
				CLANG_CXX_LANGUAGE_STANDARD = "gnu++14";
				CLANG_CXX_LIBRARY = "libc++";
				CLANG_ENABLE_MODULES = YES;
				CLANG_ENABLE_OBJC_ARC = YES;
				CLANG_WARN_BLOCK_CAPTURE_AUTORELEASING = YES;
				CLANG_WARN_BOOL_CONVERSION = YES;
				CLANG_WARN_COMMA = YES;
				CLANG_WARN_CONSTANT_CONVERSION = YES;
				CLANG_WARN_DIRECT_OBJC_ISA_USAGE = YES_ERROR;
				CLANG_WARN_DOCUMENTATION_COMMENTS = YES;
				CLANG_WARN_EMPTY_BODY = YES;
				CLANG_WARN_ENUM_CONVERSION = YES;
				CLANG_WARN_INFINITE_RECURSION = YES;
				CLANG_WARN_INT_CONVERSION = YES;
				CLANG_WARN_NON_LITERAL_NULL_CONVERSION = YES;
				CLANG_WARN_OBJC_LITERAL_CONVERSION = YES;
				CLANG_WARN_OBJC_ROOT_CLASS = YES_ERROR;
				CLANG_WARN_RANGE_LOOP_ANALYSIS = YES;
				CLANG_WARN_STRICT_PROTOTYPES = YES;
				CLANG_WARN_SUSPICIOUS_MOVE = YES;
				CLANG_WARN_UNGUARDED_AVAILABILITY = YES_AGGRESSIVE;
				CLANG_WARN_UNREACHABLE_CODE = YES;
				CLANG_WARN__DUPLICATE_METHOD_MATCH = YES;
				CODE_SIGN_IDENTITY = "iPhone Developer";
				COPY_PHASE_STRIP = NO;
				DEBUG_INFORMATION_FORMAT = dwarf;
				ENABLE_STRICT_OBJC_MSGSEND = YES;
				ENABLE_TESTABILITY = YES;
				GCC_C_LANGUAGE_STANDARD = gnu11;
				GCC_DYNAMIC_NO_PIC = NO;
				GCC_NO_COMMON_BLOCKS = YES;
				GCC_OPTIMIZATION_LEVEL = 0;
				GCC_PREPROCESSOR_DEFINITIONS = (
					"DEBUG=1",
					"$(inherited)",
				);
				GCC_WARN_64_TO_32_BIT_CONVERSION = YES;
				GCC_WARN_ABOUT_RETURN_TYPE = YES_ERROR;
				GCC_WARN_UNDECLARED_SELECTOR = YES;
				GCC_WARN_UNINITIALIZED_AUTOS = YES_AGGRESSIVE;
				GCC_WARN_UNUSED_FUNCTION = YES;
				GCC_WARN_UNUSED_VARIABLE = YES;
				IPHONEOS_DEPLOYMENT_TARGET = 11.0;
				MTL_ENABLE_DEBUG_INFO = YES;
				ONLY_ACTIVE_ARCH = YES;
				SDKROOT = iphoneos;
				SWIFT_ACTIVE_COMPILATION_CONDITIONS = DEBUG;
				SWIFT_OPTIMIZATION_LEVEL = "-Onone";
			};
			name = Debug;
		};
		4DE0670C1FB841BE00A88EB8 /* Release */ = {
			isa = XCBuildConfiguration;
			buildSettings = {
				ALWAYS_SEARCH_USER_PATHS = NO;
				CLANG_ANALYZER_NONNULL = YES;
				CLANG_ANALYZER_NUMBER_OBJECT_CONVERSION = YES_AGGRESSIVE;
				CLANG_CXX_LANGUAGE_STANDARD = "gnu++14";
				CLANG_CXX_LIBRARY = "libc++";
				CLANG_ENABLE_MODULES = YES;
				CLANG_ENABLE_OBJC_ARC = YES;
				CLANG_WARN_BLOCK_CAPTURE_AUTORELEASING = YES;
				CLANG_WARN_BOOL_CONVERSION = YES;
				CLANG_WARN_COMMA = YES;
				CLANG_WARN_CONSTANT_CONVERSION = YES;
				CLANG_WARN_DIRECT_OBJC_ISA_USAGE = YES_ERROR;
				CLANG_WARN_DOCUMENTATION_COMMENTS = YES;
				CLANG_WARN_EMPTY_BODY = YES;
				CLANG_WARN_ENUM_CONVERSION = YES;
				CLANG_WARN_INFINITE_RECURSION = YES;
				CLANG_WARN_INT_CONVERSION = YES;
				CLANG_WARN_NON_LITERAL_NULL_CONVERSION = YES;
				CLANG_WARN_OBJC_LITERAL_CONVERSION = YES;
				CLANG_WARN_OBJC_ROOT_CLASS = YES_ERROR;
				CLANG_WARN_RANGE_LOOP_ANALYSIS = YES;
				CLANG_WARN_STRICT_PROTOTYPES = YES;
				CLANG_WARN_SUSPICIOUS_MOVE = YES;
				CLANG_WARN_UNGUARDED_AVAILABILITY = YES_AGGRESSIVE;
				CLANG_WARN_UNREACHABLE_CODE = YES;
				CLANG_WARN__DUPLICATE_METHOD_MATCH = YES;
				CODE_SIGN_IDENTITY = "iPhone Developer";
				COPY_PHASE_STRIP = NO;
				DEBUG_INFORMATION_FORMAT = "dwarf-with-dsym";
				ENABLE_NS_ASSERTIONS = NO;
				ENABLE_STRICT_OBJC_MSGSEND = YES;
				GCC_C_LANGUAGE_STANDARD = gnu11;
				GCC_NO_COMMON_BLOCKS = YES;
				GCC_WARN_64_TO_32_BIT_CONVERSION = YES;
				GCC_WARN_ABOUT_RETURN_TYPE = YES_ERROR;
				GCC_WARN_UNDECLARED_SELECTOR = YES;
				GCC_WARN_UNINITIALIZED_AUTOS = YES_AGGRESSIVE;
				GCC_WARN_UNUSED_FUNCTION = YES;
				GCC_WARN_UNUSED_VARIABLE = YES;
				IPHONEOS_DEPLOYMENT_TARGET = 11.0;
				MTL_ENABLE_DEBUG_INFO = NO;
				SDKROOT = iphoneos;
				SWIFT_OPTIMIZATION_LEVEL = "-Owholemodule";
				VALIDATE_PRODUCT = YES;
			};
			name = Release;
		};
		4DE0670E1FB841BE00A88EB8 /* Debug */ = {
			isa = XCBuildConfiguration;
			buildSettings = {
				ASSETCATALOG_COMPILER_APPICON_NAME = AppIcon;
				CODE_SIGN_STYLE = Automatic;
				INFOPLIST_FILE = "app-window/Info.plist";
				LD_RUNPATH_SEARCH_PATHS = "$(inherited) @executable_path/Frameworks";
				PRODUCT_BUNDLE_IDENTIFIER = "mycompany.app-window";
				PRODUCT_NAME = "$(TARGET_NAME)";
				SWIFT_VERSION = 4.0;
				TARGETED_DEVICE_FAMILY = "1,2";
			};
			name = Debug;
		};
		4DE0670F1FB841BE00A88EB8 /* Release */ = {
			isa = XCBuildConfiguration;
			buildSettings = {
				ASSETCATALOG_COMPILER_APPICON_NAME = AppIcon;
				CODE_SIGN_STYLE = Automatic;
				INFOPLIST_FILE = "app-window/Info.plist";
				LD_RUNPATH_SEARCH_PATHS = "$(inherited) @executable_path/Frameworks";
				PRODUCT_BUNDLE_IDENTIFIER = "mycompany.app-window";
				PRODUCT_NAME = "$(TARGET_NAME)";
				SWIFT_VERSION = 4.0;
				TARGETED_DEVICE_FAMILY = "1,2";
			};
			name = Release;
		};
/* End XCBuildConfiguration section */

/* Begin XCConfigurationList section */
		4DD8CD631FD29F35000D5B05 /* Build configuration list for PBXNativeTarget "app-windowTests" */ = {
			isa = XCConfigurationList;
			buildConfigurations = (
				4DD8CD611FD29F35000D5B05 /* Debug */,
				4DD8CD621FD29F35000D5B05 /* Release */,
			);
			defaultConfigurationIsVisible = 0;
			defaultConfigurationName = Release;
		};
		4DE066F61FB841BE00A88EB8 /* Build configuration list for PBXProject "app-window" */ = {
			isa = XCConfigurationList;
			buildConfigurations = (
				4DE0670B1FB841BE00A88EB8 /* Debug */,
				4DE0670C1FB841BE00A88EB8 /* Release */,
			);
			defaultConfigurationIsVisible = 0;
			defaultConfigurationName = Release;
		};
		4DE0670D1FB841BE00A88EB8 /* Build configuration list for PBXNativeTarget "app-window" */ = {
			isa = XCConfigurationList;
			buildConfigurations = (
				4DE0670E1FB841BE00A88EB8 /* Debug */,
				4DE0670F1FB841BE00A88EB8 /* Release */,
			);
			defaultConfigurationIsVisible = 0;
			defaultConfigurationName = Release;
		};
/* End XCConfigurationList section */
	};
	rootObject = 4DE066F31FB841BE00A88EB8 /* Project object */;
}
